
Microsoft Visual Studio Solution File, Format Version 11.00
# Visual Studio 2010
Project("{8BC9CEB8-8B4A-11D0-8D11-00A0C91BC942}") = "Bz", "Bz.vcxproj", "{20947F7C-EF13-406C-E466-13BF6E11E2D5}"
EndProject
Project("{8BC9CEB8-8B4A-11D0-8D11-00A0C91BC942}") = "BZres_us", "BZres_us.vcxproj", "{ADB3DAC6-558C-2892-0F91-9823C81B50D8}"
EndProject
Global
	GlobalSection(SolutionConfigurationPlatforms) = preSolution
		Debug|Win32 = Debug|Win32
		Release|Win32 = Release|Win32
		Template|Win32 = Template|Win32
	EndGlobalSection
	GlobalSection(ProjectConfigurationPlatforms) = postSolution
		{20947F7C-EF13-406C-E466-13BF6E11E2D5}.Debug|Win32.ActiveCfg = Debug|Win32
		{20947F7C-EF13-406C-E466-13BF6E11E2D5}.Debug|Win32.Build.0 = Debug|Win32
		{20947F7C-EF13-406C-E466-13BF6E11E2D5}.Release|Win32.ActiveCfg = Release|Win32
		{20947F7C-EF13-406C-E466-13BF6E11E2D5}.Release|Win32.Build.0 = Release|Win32
		{20947F7C-EF13-406C-E466-13BF6E11E2D5}.Template|Win32.ActiveCfg = Release|Win32
		{20947F7C-EF13-406C-E466-13BF6E11E2D5}.Template|Win32.Build.0 = Release|Win32
		{ADB3DAC6-558C-2892-0F91-9823C81B50D8}.Debug|Win32.ActiveCfg = Debug|Win32
		{ADB3DAC6-558C-2892-0F91-9823C81B50D8}.Debug|Win32.Build.0 = Debug|Win32
		{ADB3DAC6-558C-2892-0F91-9823C81B50D8}.Release|Win32.ActiveCfg = Release|Win32
		{ADB3DAC6-558C-2892-0F91-9823C81B50D8}.Release|Win32.Build.0 = Release|Win32
		{ADB3DAC6-558C-2892-0F91-9823C81B50D8}.Template|Win32.ActiveCfg = Template|Win32
		{ADB3DAC6-558C-2892-0F91-9823C81B50D8}.Template|Win32.Build.0 = Template|Win32
	EndGlobalSection
	GlobalSection(SolutionProperties) = preSolution
		HideSolutionNode = FALSE
	EndGlobalSection
EndGlobal
