<?xml version="1.0" encoding="utf-8"?>
<Project ToolsVersion="4.0" xmlns="http://schemas.microsoft.com/developer/msbuild/2003">
  <ItemGroup>
    <Filter Include="Source Files">
      <UniqueIdentifier>{4728c13b-d104-4dbe-8971-b4a188f06c90}</UniqueIdentifier>
      <Extensions>cpp;c;cxx;rc;def;r;odl;hpj;bat;for;f90</Extensions>
    </Filter>
    <Filter Include="Header Files">
      <UniqueIdentifier>{9fe69d2b-4726-4177-a76e-41f0f94d0e4c}</UniqueIdentifier>
      <Extensions>h;hpp;hxx;hm;inl;fi;fd</Extensions>
    </Filter>
    <Filter Include="Resource Files">
      <UniqueIdentifier>{6fbcdb20-4172-49d5-adb6-b3fb5757b8ea}</UniqueIdentifier>
      <Extensions>ico;cur;bmp;dlg;rc2;rct;bin;cnt;rtf;gif;jpg;jpeg;jpe</Extensions>
    </Filter>
  </ItemGroup>
  <ItemGroup>
    <ClCompile Include="BZ.cpp">
      <Filter>Source Files</Filter>
    </ClCompile>
    <ClCompile Include="BZBmpVw.cpp">
      <Filter>Source Files</Filter>
    </ClCompile>
    <ClCompile Include="BZDoc.cpp">
      <Filter>Source Files</Filter>
    </ClCompile>
    <ClCompile Include="BZFormVw.cpp">
      <Filter>Source Files</Filter>
    </ClCompile>
    <ClCompile Include="BZView.cpp">
      <Filter>Source Files</Filter>
    </ClCompile>
    <ClCompile Include="ColorCombo.cpp">
      <Filter>Source Files</Filter>
    </ClCompile>
    <ClCompile Include="ColorDlg.cpp">
      <Filter>Source Files</Filter>
    </ClCompile>
    <ClCompile Include="ComboBar.cpp">
      <Filter>Source Files</Filter>
    </ClCompile>
    <ClCompile Include="MainFrm.cpp">
      <Filter>Source Files</Filter>
    </ClCompile>
    <ClCompile Include="options.cpp">
      <Filter>Source Files</Filter>
    </ClCompile>
    <ClCompile Include="SettingDlg.cpp">
      <Filter>Source Files</Filter>
    </ClCompile>
    <ClCompile Include="StatBar.cpp">
      <Filter>Source Files</Filter>
    </ClCompile>
    <ClCompile Include="StdAfx.cpp">
      <Filter>Source Files</Filter>
    </ClCompile>
    <ClCompile Include="TextView.cpp">
      <Filter>Source Files</Filter>
    </ClCompile>
  </ItemGroup>
  <ItemGroup>
    <ResourceCompile Include="BZ.rc">
      <Filter>Source Files</Filter>
    </ResourceCompile>
  </ItemGroup>
  <ItemGroup>
    <ClInclude Include="BZ.h">
      <Filter>Header Files</Filter>
    </ClInclude>
    <ClInclude Include="BZBmpVw.h">
      <Filter>Header Files</Filter>
    </ClInclude>
    <ClInclude Include="BZDoc.h">
      <Filter>Header Files</Filter>
    </ClInclude>
    <ClInclude Include="BZFormVw.h">
      <Filter>Header Files</Filter>
    </ClInclude>
    <ClInclude Include="BZView.h">
      <Filter>Header Files</Filter>
    </ClInclude>
    <ClInclude Include="ColorCombo.h">
      <Filter>Header Files</Filter>
    </ClInclude>
    <ClInclude Include="ColorDlg.h">
      <Filter>Header Files</Filter>
    </ClInclude>
    <ClInclude Include="ComboBar.h">
      <Filter>Header Files</Filter>
    </ClInclude>
    <ClInclude Include="MainFrm.h">
      <Filter>Header Files</Filter>
    </ClInclude>
    <ClInclude Include="options.h">
      <Filter>Header Files</Filter>
    </ClInclude>
    <ClInclude Include="SettingDlg.h">
      <Filter>Header Files</Filter>
    </ClInclude>
    <ClInclude Include="StatBar.h">
      <Filter>Header Files</Filter>
    </ClInclude>
    <ClInclude Include="StdAfx.h">
      <Filter>Header Files</Filter>
    </ClInclude>
    <ClInclude Include="TextView.h">
      <Filter>Header Files</Filter>
    </ClInclude>
    <ClInclude Include="resource.h">
      <Filter>Header Files</Filter>
    </ClInclude>
  </ItemGroup>
  <ItemGroup>
    <CustomBuild Include="ReadMe.txt">
      <Filter>Source Files</Filter>
    </CustomBuild>
    <CustomBuild Include="res\BZ.ico">
      <Filter>Resource Files</Filter>
    </CustomBuild>
    <CustomBuild Include="res\BZ.rc2">
      <Filter>Resource Files</Filter>
    </CustomBuild>
    <CustomBuild Include="res\BZDoc.ico">
      <Filter>Resource Files</Filter>
    </CustomBuild>
    <CustomBuild Include="res\Toolbar.bmp">
      <Filter>Resource Files</Filter>
    </CustomBuild>
  </ItemGroup>
</Project>