<?xml version="1.0" encoding="utf-8"?>
<Project ToolsVersion="4.0" xmlns="http://schemas.microsoft.com/developer/msbuild/2003">
  <ItemGroup>
    <Filter Include="Source Files">
      <UniqueIdentifier>{797fdeee-3dbb-48be-a31e-382c5dc5b6e1}</UniqueIdentifier>
      <Extensions>cpp;c;cxx;rc;def;r;odl;hpj;bat;for;f90</Extensions>
    </Filter>
    <Filter Include="Header Files">
      <UniqueIdentifier>{b7c9794e-a196-4dce-82a8-8dff7fe60645}</UniqueIdentifier>
      <Extensions>h;hpp;hxx;hm;inl;fi;fd</Extensions>
    </Filter>
    <Filter Include="Resource Files">
      <UniqueIdentifier>{91156cce-771f-403e-87e6-9875432a37e6}</UniqueIdentifier>
      <Extensions>ico;cur;bmp;dlg;rc2;rct;bin;cnt;rtf;gif;jpg;jpeg;jpe</Extensions>
    </Filter>
  </ItemGroup>
  <ItemGroup>
    <ClCompile Include="BZ.cpp">
      <Filter>Source Files</Filter>
    </ClCompile>
    <ClCompile Include="BZAnalyzerView.cpp">
      <Filter>Source Files</Filter>
    </ClCompile>
    <ClCompile Include="BZBmpVw2.cpp">
      <Filter>Source Files</Filter>
    </ClCompile>
    <ClCompile Include="BZCoreData.cpp">
      <Filter>Source Files</Filter>
    </ClCompile>
    <ClCompile Include="BZDoc2.cpp">
      <Filter>Source Files</Filter>
    </ClCompile>
    <ClCompile Include="BZFormVw.cpp">
      <Filter>Source Files</Filter>
    </ClCompile>
    <ClCompile Include="BZInspectView.cpp">
      <Filter>Source Files</Filter>
    </ClCompile>
    <ClCompile Include="BZOption.cpp">
      <Filter>Source Files</Filter>
    </ClCompile>
    <ClCompile Include="BZView.cpp">
      <Filter>Source Files</Filter>
    </ClCompile>
    <ClCompile Include="ColorCombo.cpp">
      <Filter>Source Files</Filter>
    </ClCompile>
    <ClCompile Include="ColorDlg.cpp">
      <Filter>Source Files</Filter>
    </ClCompile>
    <ClCompile Include="ComboBox4ToolBar.cpp">
      <Filter>Source Files</Filter>
    </ClCompile>
    <ClCompile Include="MainFrm.cpp">
      <Filter>Source Files</Filter>
    </ClCompile>
    <ClCompile Include="SettingDlg.cpp">
      <Filter>Source Files</Filter>
    </ClCompile>
    <ClCompile Include="StdAfx.cpp">
      <Filter>Source Files</Filter>
    </ClCompile>
    <ClCompile Include="TextView.cpp">
      <Filter>Source Files</Filter>
    </ClCompile>
  </ItemGroup>
  <ItemGroup>
    <ResourceCompile Include="BZ.rc">
      <Filter>Source Files</Filter>
    </ResourceCompile>
  </ItemGroup>
  <ItemGroup>
    <None Include="ReadMe.txt">
      <Filter>Source Files</Filter>
    </None>
    <None Include="res\bmppoint.cur">
      <Filter>Resource Files</Filter>
    </None>
    <None Include="res\BZ.ico">
      <Filter>Resource Files</Filter>
    </None>
    <None Include="res\BZ.rc2">
      <Filter>Resource Files</Filter>
    </None>
    <None Include="res\BZDoc.ico">
      <Filter>Resource Files</Filter>
    </None>
    <None Include="res\Toolbar.bmp">
      <Filter>Resource Files</Filter>
    </None>
    <None Include="resource" />
  </ItemGroup>
  <ItemGroup>
    <ClInclude Include="AboutDlg.h">
      <Filter>Header Files</Filter>
    </ClInclude>
    <ClInclude Include="BZ.h">
      <Filter>Header Files</Filter>
    </ClInclude>
    <ClInclude Include="BZAnalyzerView.h">
      <Filter>Header Files</Filter>
    </ClInclude>
    <ClInclude Include="BZBmpVw2.h">
      <Filter>Header Files</Filter>
    </ClInclude>
    <ClInclude Include="BZCoreData.h">
      <Filter>Header Files</Filter>
    </ClInclude>
    <ClInclude Include="BZDoc2.h">
      <Filter>Header Files</Filter>
    </ClInclude>
    <ClInclude Include="BZFormVw.h">
      <Filter>Header Files</Filter>
    </ClInclude>
    <ClInclude Include="BZInspectView.h">
      <Filter>Header Files</Filter>
    </ClInclude>
    <ClInclude Include="BZOption.h">
      <Filter>Header Files</Filter>
    </ClInclude>
    <ClInclude Include="BZView.h">
      <Filter>Header Files</Filter>
    </ClInclude>
    <ClInclude Include="ColorCombo.h">
      <Filter>Header Files</Filter>
    </ClInclude>
    <ClInclude Include="ColorDlg.h">
      <Filter>Header Files</Filter>
    </ClInclude>
    <ClInclude Include="ComboBox4ToolBar.h">
      <Filter>Header Files</Filter>
    </ClInclude>
    <ClInclude Include="kb976038.h">
      <Filter>Header Files</Filter>
    </ClInclude>
    <ClInclude Include="MainFrm.h">
      <Filter>Header Files</Filter>
    </ClInclude>
    <ClInclude Include="MemDC.h">
      <Filter>Header Files</Filter>
    </ClInclude>
    <ClInclude Include="resource.h">
      <Filter>Header Files</Filter>
    </ClInclude>
    <ClInclude Include="SettingDlg.h">
      <Filter>Header Files</Filter>
    </ClInclude>
    <ClInclude Include="StdAfx.h">
      <Filter>Header Files</Filter>
    </ClInclude>
    <ClInclude Include="SuperFileCon.h">
      <Filter>Header Files</Filter>
    </ClInclude>
    <ClInclude Include="tamasplit.h">
      <Filter>Header Files</Filter>
    </ClInclude>
    <ClInclude Include="TextView.h">
      <Filter>Header Files</Filter>
    </ClInclude>
    <ClInclude Include="tamascrlu64v.h">
      <Filter>Header Files</Filter>
    </ClInclude>
  </ItemGroup>
  <ItemGroup>
    <Manifest Include="Bz.manifest">
      <Filter>Resource Files</Filter>
    </Manifest>
  </ItemGroup>
</Project>